
Microsoft Visual Studio Solution File, Format Version 12.00
# Visual Studio Version 17
VisualStudioVersion = 17.5.002.0
MinimumVisualStudioVersion = 10.0.40219.1
Project("{2150E333-8FDC-42A3-9474-1A3956D46DE8}") = "src", "src", "{EC92F608-6206-47FE-823C-4C9F34003BD3}"
EndProject
Project("{9A19103F-16F7-4668-BE54-9A1E7A4F7556}") = "CSharp", "src\CSharp\CSharp.csproj", "{863BC980-E7C1-42B2-AAAD-375B277A45D7}"
	ProjectSection(ProjectDependencies) = postProject
		{4ECCC91C-E543-4FEF-A338-0E42A16B560E} = {4ECCC91C-E543-4FEF-A338-0E42A16B560E}
	EndProjectSection
EndProject
Project("{8BC9CEB8-8B4A-11D0-8D11-00A0C91BC942}") = "Native", "src\Native\Native.vcxproj", "{4ECCC91C-E543-4FEF-A338-0E42A16B560E}"
EndProject
Global
	GlobalSection(SolutionConfigurationPlatforms) = preSolution
		Debug|Any CPU = Debug|Any CPU
		Debug|x64 = Debug|x64
		Debug|x86 = Debug|x86
		Release|Any CPU = Release|Any CPU
		Release|x64 = Release|x64
		Release|x86 = Release|x86
	EndGlobalSection
	GlobalSection(ProjectConfigurationPlatforms) = postSolution
		{863BC980-E7C1-42B2-AAAD-375B277A45D7}.Debug|Any CPU.ActiveCfg = Debug|Any CPU
		{863BC980-E7C1-42B2-AAAD-375B277A45D7}.Debug|Any CPU.Build.0 = Debug|Any CPU
		{863BC980-E7C1-42B2-AAAD-375B277A45D7}.Debug|x64.ActiveCfg = Debug|Any CPU
		{863BC980-E7C1-42B2-AAAD-375B277A45D7}.Debug|x64.Build.0 = Debug|Any CPU
		{863BC980-E7C1-42B2-AAAD-375B277A45D7}.Debug|x86.ActiveCfg = Debug|Any CPU
		{863BC980-E7C1-42B2-AAAD-375B277A45D7}.Debug|x86.Build.0 = Debug|Any CPU
		{863BC980-E7C1-42B2-AAAD-375B277A45D7}.Release|Any CPU.ActiveCfg = Release|Any CPU
		{863BC980-E7C1-42B2-AAAD-375B277A45D7}.Release|Any CPU.Build.0 = Release|Any CPU
		{863BC980-E7C1-42B2-AAAD-375B277A45D7}.Release|x64.ActiveCfg = Release|Any CPU
		{863BC980-E7C1-42B2-AAAD-375B277A45D7}.Release|x64.Build.0 = Release|Any CPU
		{863BC980-E7C1-42B2-AAAD-375B277A45D7}.Release|x86.ActiveCfg = Release|Any CPU
		{863BC980-E7C1-42B2-AAAD-375B277A45D7}.Release|x86.Build.0 = Release|Any CPU
		{4ECCC91C-E543-4FEF-A338-0E42A16B560E}.Debug|Any CPU.ActiveCfg = Debug|x64
		{4ECCC91C-E543-4FEF-A338-0E42A16B560E}.Debug|Any CPU.Build.0 = Debug|x64
		{4ECCC91C-E543-4FEF-A338-0E42A16B560E}.Debug|x64.ActiveCfg = Debug|x64
		{4ECCC91C-E543-4FEF-A338-0E42A16B560E}.Debug|x64.Build.0 = Debug|x64
		{4ECCC91C-E543-4FEF-A338-0E42A16B560E}.Debug|x86.ActiveCfg = Debug|Win32
		{4ECCC91C-E543-4FEF-A338-0E42A16B560E}.Debug|x86.Build.0 = Debug|Win32
		{4ECCC91C-E543-4FEF-A338-0E42A16B560E}.Release|Any CPU.ActiveCfg = Release|x64
		{4ECCC91C-E543-4FEF-A338-0E42A16B560E}.Release|Any CPU.Build.0 = Release|x64
		{4ECCC91C-E543-4FEF-A338-0E42A16B560E}.Release|x64.ActiveCfg = Release|x64
		{4ECCC91C-E543-4FEF-A338-0E42A16B560E}.Release|x64.Build.0 = Release|x64
		{4ECCC91C-E543-4FEF-A338-0E42A16B560E}.Release|x86.ActiveCfg = Release|Win32
		{4ECCC91C-E543-4FEF-A338-0E42A16B560E}.Release|x86.Build.0 = Release|Win32
	EndGlobalSection
	GlobalSection(SolutionProperties) = preSolution
		HideSolutionNode = FALSE
	EndGlobalSection
	GlobalSection(NestedProjects) = preSolution
		{863BC980-E7C1-42B2-AAAD-375B277A45D7} = {EC92F608-6206-47FE-823C-4C9F34003BD3}
		{4ECCC91C-E543-4FEF-A338-0E42A16B560E} = {EC92F608-6206-47FE-823C-4C9F34003BD3}
	EndGlobalSection
	GlobalSection(ExtensibilityGlobals) = postSolution
		SolutionGuid = {67C936AB-BA23-4DAC-80CF-BEE89C8890EE}
	EndGlobalSection
EndGlobal
